
Microsoft Visual Studio Solution File, Format Version 12.00
# Visual Studio Version 17
VisualStudioVersion = 17.14.36908.2
MinimumVisualStudioVersion = 10.0.40219.1
Project("{2150E333-8FDC-42A3-9474-1A3956D46DE8}") = "Services", "Services", "{02EA681E-C7D8-13C7-8484-4AC65E1B71E8}"
EndProject
Project("{2150E333-8FDC-42A3-9474-1A3956D46DE8}") = "Catlog", "Catlog", "{8F366B21-3201-462D-B340-99080938EBCF}"
EndProject
Project("{FAE04EC0-301F-11D3-BF4B-00C04F79EFBC}") = "Catlog.API", "Services\Catalog\Catlog.API\Catlog.API.csproj", "{10B48267-8431-437C-90F6-E85D9EED5019}"
EndProject
Project("{2150E333-8FDC-42A3-9474-1A3956D46DE8}") = "BuildingBlocks", "BuildingBlocks", "{50369F43-F48C-4BB1-8068-CE75ED5E6774}"
EndProject
Project("{FAE04EC0-301F-11D3-BF4B-00C04F79EFBC}") = "BuildingBlocks", "BuildingBlocks\BuildingBlocks\BuildingBlocks.csproj", "{A0E603B7-289D-496A-A20C-9EA699C0146A}"
EndProject
Project("{E53339B2-1760-4266-BCC7-CA923CBCF16C}") = "docker-compose", "docker-compose.dcproj", "{81DDED9D-158B-E303-5F62-77A2896D2A5A}"
EndProject
Global
	GlobalSection(SolutionConfigurationPlatforms) = preSolution
		Debug|Any CPU = Debug|Any CPU
		Release|Any CPU = Release|Any CPU
	EndGlobalSection
	GlobalSection(ProjectConfigurationPlatforms) = postSolution
		{10B48267-8431-437C-90F6-E85D9EED5019}.Debug|Any CPU.ActiveCfg = Debug|Any CPU
		{10B48267-8431-437C-90F6-E85D9EED5019}.Debug|Any CPU.Build.0 = Debug|Any CPU
		{10B48267-8431-437C-90F6-E85D9EED5019}.Release|Any CPU.ActiveCfg = Release|Any CPU
		{10B48267-8431-437C-90F6-E85D9EED5019}.Release|Any CPU.Build.0 = Release|Any CPU
		{A0E603B7-289D-496A-A20C-9EA699C0146A}.Debug|Any CPU.ActiveCfg = Debug|Any CPU
		{A0E603B7-289D-496A-A20C-9EA699C0146A}.Debug|Any CPU.Build.0 = Debug|Any CPU
		{A0E603B7-289D-496A-A20C-9EA699C0146A}.Release|Any CPU.ActiveCfg = Release|Any CPU
		{A0E603B7-289D-496A-A20C-9EA699C0146A}.Release|Any CPU.Build.0 = Release|Any CPU
		{81DDED9D-158B-E303-5F62-77A2896D2A5A}.Debug|Any CPU.ActiveCfg = Debug|Any CPU
		{81DDED9D-158B-E303-5F62-77A2896D2A5A}.Debug|Any CPU.Build.0 = Debug|Any CPU
		{81DDED9D-158B-E303-5F62-77A2896D2A5A}.Release|Any CPU.ActiveCfg = Release|Any CPU
		{81DDED9D-158B-E303-5F62-77A2896D2A5A}.Release|Any CPU.Build.0 = Release|Any CPU
	EndGlobalSection
	GlobalSection(SolutionProperties) = preSolution
		HideSolutionNode = FALSE
	EndGlobalSection
	GlobalSection(NestedProjects) = preSolution
		{8F366B21-3201-462D-B340-99080938EBCF} = {02EA681E-C7D8-13C7-8484-4AC65E1B71E8}
		{10B48267-8431-437C-90F6-E85D9EED5019} = {8F366B21-3201-462D-B340-99080938EBCF}
		{A0E603B7-289D-496A-A20C-9EA699C0146A} = {50369F43-F48C-4BB1-8068-CE75ED5E6774}
	EndGlobalSection
	GlobalSection(ExtensibilityGlobals) = postSolution
		SolutionGuid = {3BD2CCFD-C280-491B-BDF2-C5307B191FBD}
	EndGlobalSection
EndGlobal
